
Microsoft Visual Studio Solution File, Format Version 12.00
# Visual Studio Version 17
VisualStudioVersion = 17.10.35027.167
MinimumVisualStudioVersion = 10.0.40219.1
Project("{9A19103F-16F7-4668-BE54-9A1E7A4F7556}") = "BlazorCrudAppDotNet8", "BlazorCrudAppDotNet8.csproj", "{B8BDA29E-20E9-40CD-AC16-A7111C97DFB8}"
EndProject
Global
	GlobalSection(SolutionConfigurationPlatforms) = preSolution
		Debug|Any CPU = Debug|Any CPU
		Release|Any CPU = Release|Any CPU
	EndGlobalSection
	GlobalSection(ProjectConfigurationPlatforms) = postSolution
		{B8BDA29E-20E9-40CD-AC16-A7111C97DFB8}.Debug|Any CPU.ActiveCfg = Debug|Any CPU
		{B8BDA29E-20E9-40CD-AC16-A7111C97DFB8}.Debug|Any CPU.Build.0 = Debug|Any CPU
		{B8BDA29E-20E9-40CD-AC16-A7111C97DFB8}.Release|Any CPU.ActiveCfg = Release|Any CPU
		{B8BDA29E-20E9-40CD-AC16-A7111C97DFB8}.Release|Any CPU.Build.0 = Release|Any CPU
	EndGlobalSection
	GlobalSection(SolutionProperties) = preSolution
		HideSolutionNode = FALSE
	EndGlobalSection
	GlobalSection(ExtensibilityGlobals) = postSolution
		SolutionGuid = {477E24D1-5517-4F2C-9325-AD29821C45C9}
	EndGlobalSection
EndGlobal
